
Microsoft Visual Studio Solution File, Format Version 12.00
# Visual Studio Version 17
VisualStudioVersion = 17.4.33103.184
MinimumVisualStudioVersion = 10.0.40219.1
Project("{FAE04EC0-301F-11D3-BF4B-00C04F79EFBC}") = "Meuprimeirosistema", "Meuprimeirosistema\Meuprimeirosistema.csproj", "{0F2D39E9-60B3-4148-BBC1-D659DBF9C200}"
EndProject
Global
	GlobalSection(SolutionConfigurationPlatforms) = preSolution
		Debug|Any CPU = Debug|Any CPU
		Release|Any CPU = Release|Any CPU
	EndGlobalSection
	GlobalSection(ProjectConfigurationPlatforms) = postSolution
		{0F2D39E9-60B3-4148-BBC1-D659DBF9C200}.Debug|Any CPU.ActiveCfg = Debug|Any CPU
		{0F2D39E9-60B3-4148-BBC1-D659DBF9C200}.Debug|Any CPU.Build.0 = Debug|Any CPU
		{0F2D39E9-60B3-4148-BBC1-D659DBF9C200}.Release|Any CPU.ActiveCfg = Release|Any CPU
		{0F2D39E9-60B3-4148-BBC1-D659DBF9C200}.Release|Any CPU.Build.0 = Release|Any CPU
	EndGlobalSection
	GlobalSection(SolutionProperties) = preSolution
		HideSolutionNode = FALSE
	EndGlobalSection
	GlobalSection(ExtensibilityGlobals) = postSolution
		SolutionGuid = {BE2802F8-25EA-4118-95E1-AFAA9F2DF1AF}
	EndGlobalSection
EndGlobal
